
Microsoft Visual Studio Solution File, Format Version 12.00
# Visual Studio Version 17
VisualStudioVersion = 17.11.35208.52
MinimumVisualStudioVersion = 10.0.40219.1
Project("{FAE04EC0-301F-11D3-BF4B-00C04F79EFBC}") = "HrManagement.API", "HrManagement.API\HrManagement.API.csproj", "{5F801DE4-4E14-4520-A1A5-F8CDD35617F9}"
EndProject
Project("{FAE04EC0-301F-11D3-BF4B-00C04F79EFBC}") = "HrManagement.Core", "HrManagement.Core\HrManagement.Core.csproj", "{F1C9E249-E06C-4F73-9BAB-AD6AEE288BF1}"
EndProject
Project("{FAE04EC0-301F-11D3-BF4B-00C04F79EFBC}") = "HrManagement.Application", "HrManagement.Application\HrManagement.Application.csproj", "{4F929E08-DCF3-4706-BA6F-B0883048DB19}"
EndProject
Project("{FAE04EC0-301F-11D3-BF4B-00C04F79EFBC}") = "HrManagement.Infrastructure", "HrManagement.Infrastructure\HrManagement.Infrastructure.csproj", "{F864C6E5-D10E-4BF4-8D7C-BFD57F62CE57}"
EndProject
Project("{FAE04EC0-301F-11D3-BF4B-00C04F79EFBC}") = "HrManagement.UnitTest", "HrManagement.UnitTest\HrManagement.UnitTest.csproj", "{C7C39BA5-D9D7-4D8A-B3A4-E6673CD234C2}"
EndProject
Global
	GlobalSection(SolutionConfigurationPlatforms) = preSolution
		Debug|Any CPU = Debug|Any CPU
		Release|Any CPU = Release|Any CPU
	EndGlobalSection
	GlobalSection(ProjectConfigurationPlatforms) = postSolution
		{5F801DE4-4E14-4520-A1A5-F8CDD35617F9}.Debug|Any CPU.ActiveCfg = Debug|Any CPU
		{5F801DE4-4E14-4520-A1A5-F8CDD35617F9}.Debug|Any CPU.Build.0 = Debug|Any CPU
		{5F801DE4-4E14-4520-A1A5-F8CDD35617F9}.Release|Any CPU.ActiveCfg = Release|Any CPU
		{5F801DE4-4E14-4520-A1A5-F8CDD35617F9}.Release|Any CPU.Build.0 = Release|Any CPU
		{F1C9E249-E06C-4F73-9BAB-AD6AEE288BF1}.Debug|Any CPU.ActiveCfg = Debug|Any CPU
		{F1C9E249-E06C-4F73-9BAB-AD6AEE288BF1}.Debug|Any CPU.Build.0 = Debug|Any CPU
		{F1C9E249-E06C-4F73-9BAB-AD6AEE288BF1}.Release|Any CPU.ActiveCfg = Release|Any CPU
		{F1C9E249-E06C-4F73-9BAB-AD6AEE288BF1}.Release|Any CPU.Build.0 = Release|Any CPU
		{4F929E08-DCF3-4706-BA6F-B0883048DB19}.Debug|Any CPU.ActiveCfg = Debug|Any CPU
		{4F929E08-DCF3-4706-BA6F-B0883048DB19}.Debug|Any CPU.Build.0 = Debug|Any CPU
		{4F929E08-DCF3-4706-BA6F-B0883048DB19}.Release|Any CPU.ActiveCfg = Release|Any CPU
		{4F929E08-DCF3-4706-BA6F-B0883048DB19}.Release|Any CPU.Build.0 = Release|Any CPU
		{F864C6E5-D10E-4BF4-8D7C-BFD57F62CE57}.Debug|Any CPU.ActiveCfg = Debug|Any CPU
		{F864C6E5-D10E-4BF4-8D7C-BFD57F62CE57}.Debug|Any CPU.Build.0 = Debug|Any CPU
		{F864C6E5-D10E-4BF4-8D7C-BFD57F62CE57}.Release|Any CPU.ActiveCfg = Release|Any CPU
		{F864C6E5-D10E-4BF4-8D7C-BFD57F62CE57}.Release|Any CPU.Build.0 = Release|Any CPU
		{C7C39BA5-D9D7-4D8A-B3A4-E6673CD234C2}.Debug|Any CPU.ActiveCfg = Debug|Any CPU
		{C7C39BA5-D9D7-4D8A-B3A4-E6673CD234C2}.Debug|Any CPU.Build.0 = Debug|Any CPU
		{C7C39BA5-D9D7-4D8A-B3A4-E6673CD234C2}.Release|Any CPU.ActiveCfg = Release|Any CPU
		{C7C39BA5-D9D7-4D8A-B3A4-E6673CD234C2}.Release|Any CPU.Build.0 = Release|Any CPU
	EndGlobalSection
	GlobalSection(SolutionProperties) = preSolution
		HideSolutionNode = FALSE
	EndGlobalSection
	GlobalSection(ExtensibilityGlobals) = postSolution
		SolutionGuid = {4F955200-3B7B-463B-8F97-48BE7FC31F3A}
	EndGlobalSection
EndGlobal
